
Microsoft Visual Studio Solution File, Format Version 12.00
# Visual Studio Version 17
VisualStudioVersion = 17.10.35122.118
MinimumVisualStudioVersion = 10.0.40219.1
Project("{FAE04EC0-301F-11D3-BF4B-00C04F79EFBC}") = "kursachacha", "kursachacha\kursachacha.csproj", "{A398659A-AB7C-47FD-B8BB-55F49CA2D32A}"
EndProject
Global
	GlobalSection(SolutionConfigurationPlatforms) = preSolution
		Debug|Any CPU = Debug|Any CPU
		Release|Any CPU = Release|Any CPU
	EndGlobalSection
	GlobalSection(ProjectConfigurationPlatforms) = postSolution
		{A398659A-AB7C-47FD-B8BB-55F49CA2D32A}.Debug|Any CPU.ActiveCfg = Debug|Any CPU
		{A398659A-AB7C-47FD-B8BB-55F49CA2D32A}.Debug|Any CPU.Build.0 = Debug|Any CPU
		{A398659A-AB7C-47FD-B8BB-55F49CA2D32A}.Release|Any CPU.ActiveCfg = Release|Any CPU
		{A398659A-AB7C-47FD-B8BB-55F49CA2D32A}.Release|Any CPU.Build.0 = Release|Any CPU
	EndGlobalSection
	GlobalSection(SolutionProperties) = preSolution
		HideSolutionNode = FALSE
	EndGlobalSection
	GlobalSection(ExtensibilityGlobals) = postSolution
		SolutionGuid = {2161AA75-8DAF-4868-BC42-C15D8DB32EC5}
	EndGlobalSection
EndGlobal
